
Microsoft Visual Studio Solution File, Format Version 12.00
# Visual Studio Version 17
VisualStudioVersion = 17.2.32616.157
MinimumVisualStudioVersion = 10.0.40219.1
Project("{FAE04EC0-301F-11D3-BF4B-00C04F79EFBC}") = "Cars", "Cars\Cars.csproj", "{DD8C34A6-5276-4B0E-A04D-336D1334341E}"
EndProject
Global
	GlobalSection(SolutionConfigurationPlatforms) = preSolution
		Debug|Any CPU = Debug|Any CPU
		Release|Any CPU = Release|Any CPU
	EndGlobalSection
	GlobalSection(ProjectConfigurationPlatforms) = postSolution
		{DD8C34A6-5276-4B0E-A04D-336D1334341E}.Debug|Any CPU.ActiveCfg = Debug|Any CPU
		{DD8C34A6-5276-4B0E-A04D-336D1334341E}.Debug|Any CPU.Build.0 = Debug|Any CPU
		{DD8C34A6-5276-4B0E-A04D-336D1334341E}.Release|Any CPU.ActiveCfg = Release|Any CPU
		{DD8C34A6-5276-4B0E-A04D-336D1334341E}.Release|Any CPU.Build.0 = Release|Any CPU
	EndGlobalSection
	GlobalSection(SolutionProperties) = preSolution
		HideSolutionNode = FALSE
	EndGlobalSection
	GlobalSection(ExtensibilityGlobals) = postSolution
		SolutionGuid = {425F3091-DB22-453D-87CF-B1F34F4C814A}
	EndGlobalSection
EndGlobal
